{
  "name": "jwplayer-video-element",
  "version": "0.2.2",
  "lockfileVersion": 3,
  "requires": true,
  "packages": {
    "": {
      "name": "jwplayer-video-element",
      "version": "0.2.2",
      "license": "MIT",
      "dependencies": {
        "super-media-element": "^0.4.2"
      },
      "devDependencies": {
        "playwright-core": "^1.30.0"
      }
    },
    "node_modules/playwright-core": {
      "version": "1.31.1",
      "resolved": "https://registry.npmjs.org/playwright-core/-/playwright-core-1.31.1.tgz",
      "integrity": "sha512-JTyX4kV3/LXsvpHkLzL2I36aCdml4zeE35x+G5aPc4bkLsiRiQshU5lWeVpHFAuC8xAcbI6FDcw/8z3q2xtJSQ==",
      "dev": true,
      "bin": {
        "playwright": "cli.js"
      },
      "engines": {
        "node": ">=14"
      }
    },
    "node_modules/super-media-element": {
      "version": "0.4.2",
      "resolved": "https://registry.npmjs.org/super-media-element/-/super-media-element-0.4.2.tgz",
      "integrity": "sha512-KESwFpOizQowbSLr+zBO4xjQ1ioBmsQXiHY5u2aYU11Z7lLNRHPp/zZA/M+AH8r5PjNfZqhA0W1OHNNNEyQ/nA=="
    }
  }
}
